
Microsoft Visual Studio Solution File, Format Version 12.00
# Visual Studio Version 17
VisualStudioVersion = 17.1.32421.90
MinimumVisualStudioVersion = 10.0.40219.1
Project("{FAE04EC0-301F-11D3-BF4B-00C04F79EFBC}") = "ProjectA011", "ProjectA011\ProjectA011.csproj", "{C778B83D-E02F-49A8-A85C-8706A1B1C2DF}"
EndProject
Project("{FAE04EC0-301F-11D3-BF4B-00C04F79EFBC}") = "ProjectA012", "ProjectA012\ProjectA012.csproj", "{0823CD25-1423-4249-BD83-C3BBD045C44C}"
EndProject
Project("{FAE04EC0-301F-11D3-BF4B-00C04F79EFBC}") = "ProjectA013", "ProjectA013\ProjectA013.csproj", "{2C71CCAC-161C-4CC3-BF57-1979908F99F7}"
EndProject
Global
	GlobalSection(SolutionConfigurationPlatforms) = preSolution
		Debug|Any CPU = Debug|Any CPU
		Release|Any CPU = Release|Any CPU
	EndGlobalSection
	GlobalSection(ProjectConfigurationPlatforms) = postSolution
		{C778B83D-E02F-49A8-A85C-8706A1B1C2DF}.Debug|Any CPU.ActiveCfg = Debug|Any CPU
		{C778B83D-E02F-49A8-A85C-8706A1B1C2DF}.Debug|Any CPU.Build.0 = Debug|Any CPU
		{C778B83D-E02F-49A8-A85C-8706A1B1C2DF}.Release|Any CPU.ActiveCfg = Release|Any CPU
		{C778B83D-E02F-49A8-A85C-8706A1B1C2DF}.Release|Any CPU.Build.0 = Release|Any CPU
		{0823CD25-1423-4249-BD83-C3BBD045C44C}.Debug|Any CPU.ActiveCfg = Debug|Any CPU
		{0823CD25-1423-4249-BD83-C3BBD045C44C}.Debug|Any CPU.Build.0 = Debug|Any CPU
		{0823CD25-1423-4249-BD83-C3BBD045C44C}.Release|Any CPU.ActiveCfg = Release|Any CPU
		{0823CD25-1423-4249-BD83-C3BBD045C44C}.Release|Any CPU.Build.0 = Release|Any CPU
		{2C71CCAC-161C-4CC3-BF57-1979908F99F7}.Debug|Any CPU.ActiveCfg = Debug|Any CPU
		{2C71CCAC-161C-4CC3-BF57-1979908F99F7}.Debug|Any CPU.Build.0 = Debug|Any CPU
		{2C71CCAC-161C-4CC3-BF57-1979908F99F7}.Release|Any CPU.ActiveCfg = Release|Any CPU
		{2C71CCAC-161C-4CC3-BF57-1979908F99F7}.Release|Any CPU.Build.0 = Release|Any CPU
	EndGlobalSection
	GlobalSection(SolutionProperties) = preSolution
		HideSolutionNode = FALSE
	EndGlobalSection
	GlobalSection(ExtensibilityGlobals) = postSolution
		SolutionGuid = {35AA2BFE-8117-4E5F-8F9C-17321895B1B5}
	EndGlobalSection
EndGlobal
